
Microsoft Visual Studio Solution File, Format Version 12.00
Project("{FAE04EC0-301F-11D3-BF4B-00C04F79EFBC}") = "ConsoleAppProject", "ConsoleAppProject\ConsoleAppProject.csproj", "{C5214E0D-C702-4E6D-B3DB-DC889D24F476}"
EndProject
Project("{FAE04EC0-301F-11D3-BF4B-00C04F79EFBC}") = "MenuSystem", "MenuSystem\MenuSystem.csproj", "{4EAB03D1-9E3B-460F-8091-09BAD5B74B81}"
EndProject
Project("{FAE04EC0-301F-11D3-BF4B-00C04F79EFBC}") = "Domain", "Domain\Domain.csproj", "{54D3BDD0-96B4-4A9D-9BCF-069BFD74ED3B}"
EndProject
Project("{2150E333-8FDC-42A3-9474-1A3956D46DE8}") = "!Solution Items", "!Solution Items", "{9CEB81E5-A7E4-49E1-86C3-BA475BE22B47}"
	ProjectSection(SolutionItems) = preProject
		..\..\..\kaver\card-game-durak\README.md = ..\..\..\kaver\card-game-durak\README.md
		..\..\..\kaver\Directory.Build.props = ..\..\..\kaver\Directory.Build.props
	EndProjectSection
EndProject
Project("{FAE04EC0-301F-11D3-BF4B-00C04F79EFBC}") = "DAL", "DAL\DAL.csproj", "{40ADBDD8-D662-4BAE-9AF4-BDD9F60527C3}"
EndProject
Project("{FAE04EC0-301F-11D3-BF4B-00C04F79EFBC}") = "GameEngine", "GameEngine\GameEngine.csproj", "{9BCA3665-B04A-4892-8933-823C5608ED5D}"
EndProject
Global
	GlobalSection(SolutionConfigurationPlatforms) = preSolution
		Debug|Any CPU = Debug|Any CPU
		Release|Any CPU = Release|Any CPU
	EndGlobalSection
	GlobalSection(ProjectConfigurationPlatforms) = postSolution
		{C5214E0D-C702-4E6D-B3DB-DC889D24F476}.Debug|Any CPU.ActiveCfg = Debug|Any CPU
		{C5214E0D-C702-4E6D-B3DB-DC889D24F476}.Debug|Any CPU.Build.0 = Debug|Any CPU
		{C5214E0D-C702-4E6D-B3DB-DC889D24F476}.Release|Any CPU.ActiveCfg = Release|Any CPU
		{C5214E0D-C702-4E6D-B3DB-DC889D24F476}.Release|Any CPU.Build.0 = Release|Any CPU
		{4EAB03D1-9E3B-460F-8091-09BAD5B74B81}.Debug|Any CPU.ActiveCfg = Debug|Any CPU
		{4EAB03D1-9E3B-460F-8091-09BAD5B74B81}.Debug|Any CPU.Build.0 = Debug|Any CPU
		{4EAB03D1-9E3B-460F-8091-09BAD5B74B81}.Release|Any CPU.ActiveCfg = Release|Any CPU
		{4EAB03D1-9E3B-460F-8091-09BAD5B74B81}.Release|Any CPU.Build.0 = Release|Any CPU
		{54D3BDD0-96B4-4A9D-9BCF-069BFD74ED3B}.Debug|Any CPU.ActiveCfg = Debug|Any CPU
		{54D3BDD0-96B4-4A9D-9BCF-069BFD74ED3B}.Debug|Any CPU.Build.0 = Debug|Any CPU
		{54D3BDD0-96B4-4A9D-9BCF-069BFD74ED3B}.Release|Any CPU.ActiveCfg = Release|Any CPU
		{54D3BDD0-96B4-4A9D-9BCF-069BFD74ED3B}.Release|Any CPU.Build.0 = Release|Any CPU
		{40ADBDD8-D662-4BAE-9AF4-BDD9F60527C3}.Debug|Any CPU.ActiveCfg = Debug|Any CPU
		{40ADBDD8-D662-4BAE-9AF4-BDD9F60527C3}.Debug|Any CPU.Build.0 = Debug|Any CPU
		{40ADBDD8-D662-4BAE-9AF4-BDD9F60527C3}.Release|Any CPU.ActiveCfg = Release|Any CPU
		{40ADBDD8-D662-4BAE-9AF4-BDD9F60527C3}.Release|Any CPU.Build.0 = Release|Any CPU
		{9BCA3665-B04A-4892-8933-823C5608ED5D}.Debug|Any CPU.ActiveCfg = Debug|Any CPU
		{9BCA3665-B04A-4892-8933-823C5608ED5D}.Debug|Any CPU.Build.0 = Debug|Any CPU
		{9BCA3665-B04A-4892-8933-823C5608ED5D}.Release|Any CPU.ActiveCfg = Release|Any CPU
		{9BCA3665-B04A-4892-8933-823C5608ED5D}.Release|Any CPU.Build.0 = Release|Any CPU
	EndGlobalSection
	GlobalSection(NestedProjects) = preSolution
	EndGlobalSection
EndGlobal
